// !$*UTF8*$!
{
	archiveVersion = 1;
	classes = {
	};
	objectVersion = 46;
	objects = {

/* Begin PBXBuildFile section */
		B884B99E1C6C1693003FF1BA /* AppDelegate.swift in Sources */ = {isa = PBXBuildFile; fileRef = B884B99D1C6C1693003FF1BA /* AppDelegate.swift */; };
		B884B9A01C6C1693003FF1BA /* ViewController.swift in Sources */ = {isa = PBXBuildFile; fileRef = B884B99F1C6C1693003FF1BA /* ViewController.swift */; };
		B884B9A31C6C1693003FF1BA /* Main.storyboard in Resources */ = {isa = PBXBuildFile; fileRef = B884B9A11C6C1693003FF1BA /* Main.storyboard */; };
		B884B9A51C6C1693003FF1BA /* Assets.xcassets in Resources */ = {isa = PBXBuildFile; fileRef = B884B9A41C6C1693003FF1BA /* Assets.xcassets */; };
		B884B9A81C6C1693003FF1BA /* LaunchScreen.storyboard in Resources */ = {isa = PBXBuildFile; fileRef = B884B9A61C6C1693003FF1BA /* LaunchScreen.storyboard */; };
		B884B9B31C6C1694003FF1BA /* Sample1Tests.swift in Sources */ = {isa = PBXBuildFile; fileRef = B884B9B21C6C1693003FF1BA /* Sample1Tests.swift */; };
		B884B9BE1C6C1694003FF1BA /* Sample1UITests.swift in Sources */ = {isa = PBXBuildFile; fileRef = B884B9BD1C6C1694003FF1BA /* Sample1UITests.swift */; };
/* End PBXBuildFile section */

/* Begin PBXContainerItemProxy section */
		B884B9AF1C6C1693003FF1BA /* PBXContainerItemProxy */ = {
			isa = PBXContainerItemProxy;
			containerPortal = B884B9921C6C1693003FF1BA /* Project object */;
			proxyType = 1;
			remoteGlobalIDString = B884B9991C6C1693003FF1BA;
			remoteInfo = Sample1;
		};
		B884B9BA1C6C1694003FF1BA /* PBXContainerItemProxy */ = {
			isa = PBXContainerItemProxy;
			containerPortal = B884B9921C6C1693003FF1BA /* Project object */;
			proxyType = 1;
			remoteGlobalIDString = B884B9991C6C1693003FF1BA;
			remoteInfo = Sample1;
		};
/* End PBXContainerItemProxy section */

/* Begin PBXFileReference section */
		B884B99A1C6C1693003FF1BA /* Sample1.app */ = {isa = PBXFileReference; explicitFileType = wrapper.application; includeInIndex = 0; path = Sample1.app; sourceTree = BUILT_PRODUCTS_DIR; };
		B884B99D1C6C1693003FF1BA /* AppDelegate.swift */ = {isa = PBXFileReference; lastKnownFileType = sourcecode.swift; path = AppDelegate.swift; sourceTree = "<group>"; };
		B884B99F1C6C1693003FF1BA /* ViewController.swift */ = {isa = PBXFileReference; lastKnownFileType = sourcecode.swift; path = ViewController.swift; sourceTree = "<group>"; };
		B884B9A21C6C1693003FF1BA /* Base */ = {isa = PBXFileReference; lastKnownFileType = file.storyboard; name = Base; path = Base.lproj/Main.storyboard; sourceTree = "<group>"; };
		B884B9A41C6C1693003FF1BA /* Assets.xcassets */ = {isa = PBXFileReference; lastKnownFileType = folder.assetcatalog; path = Assets.xcassets; sourceTree = "<group>"; };
		B884B9A71C6C1693003FF1BA /* Base */ = {isa = PBXFileReference; lastKnownFileType = file.storyboard; name = Base; path = Base.lproj/LaunchScreen.storyboard; sourceTree = "<group>"; };
		B884B9A91C6C1693003FF1BA /* Info.plist */ = {isa = PBXFileReference; lastKnownFileType = text.plist.xml; path = Info.plist; sourceTree = "<group>"; };
		B884B9AE1C6C1693003FF1BA /* Sample1Tests.xctest */ = {isa = PBXFileReference; explicitFileType = wrapper.cfbundle; includeInIndex = 0; path = Sample1Tests.xctest; sourceTree = BUILT_PRODUCTS_DIR; };
		B884B9B21C6C1693003FF1BA /* Sample1Tests.swift */ = {isa = PBXFileReference; lastKnownFileType = sourcecode.swift; path = Sample1Tests.swift; sourceTree = "<group>"; };
		B884B9B41C6C1694003FF1BA /* Info.plist */ = {isa = PBXFileReference; lastKnownFileType = text.plist.xml; path = Info.plist; sourceTree = "<group>"; };
		B884B9B91C6C1694003FF1BA /* Sample1UITests.xctest */ = {isa = PBXFileReference; explicitFileType = wrapper.cfbundle; includeInIndex = 0; path = Sample1UITests.xctest; sourceTree = BUILT_PRODUCTS_DIR; };
		B884B9BD1C6C1694003FF1BA /* Sample1UITests.swift */ = {isa = PBXFileReference; lastKnownFileType = sourcecode.swift; path = Sample1UITests.swift; sourceTree = "<group>"; };
		B884B9BF1C6C1694003FF1BA /* Info.plist */ = {isa = PBXFileReference; lastKnownFileType = text.plist.xml; path = Info.plist; sourceTree = "<group>"; };
/* End PBXFileReference section */

/* Begin PBXFrameworksBuildPhase section */
		B884B9971C6C1693003FF1BA /* Frameworks */ = {
			isa = PBXFrameworksBuildPhase;
			buildActionMask = 2147483647;
			files = (
			);
			runOnlyForDeploymentPostprocessing = 0;
		};
		B884B9AB1C6C1693003FF1BA /* Frameworks */ = {
			isa = PBXFrameworksBuildPhase;
			buildActionMask = 2147483647;
			files = (
			);
			runOnlyForDeploymentPostprocessing = 0;
		};
		B884B9B61C6C1694003FF1BA /* Frameworks */ = {
			isa = PBXFrameworksBuildPhase;
			buildActionMask = 2147483647;
			files = (
			);
			runOnlyForDeploymentPostprocessing = 0;
		};
/* End PBXFrameworksBuildPhase section */

/* Begin PBXGroup section */
		B884B9911C6C1693003FF1BA = {
			isa = PBXGroup;
			children = (
				B884B99C1C6C1693003FF1BA /* Sample1 */,
				B884B9B11C6C1693003FF1BA /* Sample1Tests */,
				B884B9BC1C6C1694003FF1BA /* Sample1UITests */,
				B884B99B1C6C1693003FF1BA /* Products */,
			);
			sourceTree = "<group>";
		};
		B884B99B1C6C1693003FF1BA /* Products */ = {
			isa = PBXGroup;
			children = (
				B884B99A1C6C1693003FF1BA /* Sample1.app */,
				B884B9AE1C6C1693003FF1BA /* Sample1Tests.xctest */,
				B884B9B91C6C1694003FF1BA /* Sample1UITests.xctest */,
			);
			name = Products;
			sourceTree = "<group>";
		};
		B884B99C1C6C1693003FF1BA /* Sample1 */ = {
			isa = PBXGroup;
			children = (
				B884B99D1C6C1693003FF1BA /* AppDelegate.swift */,
				B884B99F1C6C1693003FF1BA /* ViewController.swift */,
				B884B9A11C6C1693003FF1BA /* Main.storyboard */,
				B884B9A41C6C1693003FF1BA /* Assets.xcassets */,
				B884B9A61C6C1693003FF1BA /* LaunchScreen.storyboard */,
				B884B9A91C6C1693003FF1BA /* Info.plist */,
			);
			path = Sample1;
			sourceTree = "<group>";
		};
		B884B9B11C6C1693003FF1BA /* Sample1Tests */ = {
			isa = PBXGroup;
			children = (
				B884B9B21C6C1693003FF1BA /* Sample1Tests.swift */,
				B884B9B41C6C1694003FF1BA /* Info.plist */,
			);
			path = Sample1Tests;
			sourceTree = "<group>";
		};
		B884B9BC1C6C1694003FF1BA /* Sample1UITests */ = {
			isa = PBXGroup;
			children = (
				B884B9BD1C6C1694003FF1BA /* Sample1UITests.swift */,
				B884B9BF1C6C1694003FF1BA /* Info.plist */,
			);
			path = Sample1UITests;
			sourceTree = "<group>";
		};
/* End PBXGroup section */

/* Begin PBXNativeTarget section */
		B884B9991C6C1693003FF1BA /* Sample1 */ = {
			isa = PBXNativeTarget;
			buildConfigurationList = B884B9C21C6C1694003FF1BA /* Build configuration list for PBXNativeTarget "Sample1" */;
			buildPhases = (
				B884B9961C6C1693003FF1BA /* Sources */,
				B884B9971C6C1693003FF1BA /* Frameworks */,
				B884B9981C6C1693003FF1BA /* Resources */,
			);
			buildRules = (
			);
			dependencies = (
			);
			name = Sample1;
			productName = Sample1;
			productReference = B884B99A1C6C1693003FF1BA /* Sample1.app */;
			productType = "com.apple.product-type.application";
		};
		B884B9AD1C6C1693003FF1BA /* Sample1Tests */ = {
			isa = PBXNativeTarget;
			buildConfigurationList = B884B9C51C6C1694003FF1BA /* Build configuration list for PBXNativeTarget "Sample1Tests" */;
			buildPhases = (
				B884B9AA1C6C1693003FF1BA /* Sources */,
				B884B9AB1C6C1693003FF1BA /* Frameworks */,
				B884B9AC1C6C1693003FF1BA /* Resources */,
			);
			buildRules = (
			);
			dependencies = (
				B884B9B01C6C1693003FF1BA /* PBXTargetDependency */,
			);
			name = Sample1Tests;
			productName = Sample1Tests;
			productReference = B884B9AE1C6C1693003FF1BA /* Sample1Tests.xctest */;
			productType = "com.apple.product-type.bundle.unit-test";
		};
		B884B9B81C6C1694003FF1BA /* Sample1UITests */ = {
			isa = PBXNativeTarget;
			buildConfigurationList = B884B9C81C6C1694003FF1BA /* Build configuration list for PBXNativeTarget "Sample1UITests" */;
			buildPhases = (
				B884B9B51C6C1694003FF1BA /* Sources */,
				B884B9B61C6C1694003FF1BA /* Frameworks */,
				B884B9B71C6C1694003FF1BA /* Resources */,
			);
			buildRules = (
			);
			dependencies = (
				B884B9BB1C6C1694003FF1BA /* PBXTargetDependency */,
			);
			name = Sample1UITests;
			productName = Sample1UITests;
			productReference = B884B9B91C6C1694003FF1BA /* Sample1UITests.xctest */;
			productType = "com.apple.product-type.bundle.ui-testing";
		};
/* End PBXNativeTarget section */

/* Begin PBXProject section */
		B884B9921C6C1693003FF1BA /* Project object */ = {
			isa = PBXProject;
			attributes = {
				LastSwiftUpdateCheck = 0720;
				LastUpgradeCheck = 0720;
				ORGANIZATIONNAME = Sample1;
				TargetAttributes = {
					B884B9991C6C1693003FF1BA = {
						CreatedOnToolsVersion = 7.2.1;
					};
					B884B9AD1C6C1693003FF1BA = {
						CreatedOnToolsVersion = 7.2.1;
						TestTargetID = B884B9991C6C1693003FF1BA;
					};
					B884B9B81C6C1694003FF1BA = {
						CreatedOnToolsVersion = 7.2.1;
						TestTargetID = B884B9991C6C1693003FF1BA;
					};
				};
			};
			buildConfigurationList = B884B9951C6C1693003FF1BA /* Build configuration list for PBXProject "Sample1" */;
			compatibilityVersion = "Xcode 3.2";
			developmentRegion = English;
			hasScannedForEncodings = 0;
			knownRegions = (
				en,
				Base,
			);
			mainGroup = B884B9911C6C1693003FF1BA;
			productRefGroup = B884B99B1C6C1693003FF1BA /* Products */;
			projectDirPath = "";
			projectRoot = "";
			targets = (
				B884B9991C6C1693003FF1BA /* Sample1 */,
				B884B9AD1C6C1693003FF1BA /* Sample1Tests */,
				B884B9B81C6C1694003FF1BA /* Sample1UITests */,
			);
		};
/* End PBXProject section */

/* Begin PBXResourcesBuildPhase section */
		B884B9981C6C1693003FF1BA /* Resources */ = {
			isa = PBXResourcesBuildPhase;
			buildActionMask = 2147483647;
			files = (
				B884B9A81C6C1693003FF1BA /* LaunchScreen.storyboard in Resources */,
				B884B9A51C6C1693003FF1BA /* Assets.xcassets in Resources */,
				B884B9A31C6C1693003FF1BA /* Main.storyboard in Resources */,
			);
			runOnlyForDeploymentPostprocessing = 0;
		};
		B884B9AC1C6C1693003FF1BA /* Resources */ = {
			isa = PBXResourcesBuildPhase;
			buildActionMask = 2147483647;
			files = (
			);
			runOnlyForDeploymentPostprocessing = 0;
		};
		B884B9B71C6C1694003FF1BA /* Resources */ = {
			isa = PBXResourcesBuildPhase;
			buildActionMask = 2147483647;
			files = (
			);
			runOnlyForDeploymentPostprocessing = 0;
		};
/* End PBXResourcesBuildPhase section */

/* Begin PBXSourcesBuildPhase section */
		B884B9961C6C1693003FF1BA /* Sources */ = {
			isa = PBXSourcesBuildPhase;
			buildActionMask = 2147483647;
			files = (
				B884B9A01C6C1693003FF1BA /* ViewController.swift in Sources */,
				B884B99E1C6C1693003FF1BA /* AppDelegate.swift in Sources */,
			);
			runOnlyForDeploymentPostprocessing = 0;
		};
		B884B9AA1C6C1693003FF1BA /* Sources */ = {
			isa = PBXSourcesBuildPhase;
			buildActionMask = 2147483647;
			files = (
				B884B9B31C6C1694003FF1BA /* Sample1Tests.swift in Sources */,
			);
			runOnlyForDeploymentPostprocessing = 0;
		};
		B884B9B51C6C1694003FF1BA /* Sources */ = {
			isa = PBXSourcesBuildPhase;
			buildActionMask = 2147483647;
			files = (
				B884B9BE1C6C1694003FF1BA /* Sample1UITests.swift in Sources */,
			);
			runOnlyForDeploymentPostprocessing = 0;
		};
/* End PBXSourcesBuildPhase section */

/* Begin PBXTargetDependency section */
		B884B9B01C6C1693003FF1BA /* PBXTargetDependency */ = {
			isa = PBXTargetDependency;
			target = B884B9991C6C1693003FF1BA /* Sample1 */;
			targetProxy = B884B9AF1C6C1693003FF1BA /* PBXContainerItemProxy */;
		};
		B884B9BB1C6C1694003FF1BA /* PBXTargetDependency */ = {
			isa = PBXTargetDependency;
			target = B884B9991C6C1693003FF1BA /* Sample1 */;
			targetProxy = B884B9BA1C6C1694003FF1BA /* PBXContainerItemProxy */;
		};
/* End PBXTargetDependency section */

/* Begin PBXVariantGroup section */
		B884B9A11C6C1693003FF1BA /* Main.storyboard */ = {
			isa = PBXVariantGroup;
			children = (
				B884B9A21C6C1693003FF1BA /* Base */,
			);
			name = Main.storyboard;
			sourceTree = "<group>";
		};
		B884B9A61C6C1693003FF1BA /* LaunchScreen.storyboard */ = {
			isa = PBXVariantGroup;
			children = (
				B884B9A71C6C1693003FF1BA /* Base */,
			);
			name = LaunchScreen.storyboard;
			sourceTree = "<group>";
		};
/* End PBXVariantGroup section */

/* Begin XCBuildConfiguration section */
		B884B9C01C6C1694003FF1BA /* Debug */ = {
			isa = XCBuildConfiguration;
			buildSettings = {
				ALWAYS_SEARCH_USER_PATHS = NO;
				CLANG_CXX_LANGUAGE_STANDARD = "gnu++0x";
				CLANG_CXX_LIBRARY = "libc++";
				CLANG_ENABLE_MODULES = YES;
				CLANG_ENABLE_OBJC_ARC = YES;
				CLANG_WARN_BOOL_CONVERSION = YES;
				CLANG_WARN_CONSTANT_CONVERSION = YES;
				CLANG_WARN_DIRECT_OBJC_ISA_USAGE = YES_ERROR;
				CLANG_WARN_EMPTY_BODY = YES;
				CLANG_WARN_ENUM_CONVERSION = YES;
				CLANG_WARN_INT_CONVERSION = YES;
				CLANG_WARN_OBJC_ROOT_CLASS = YES_ERROR;
				CLANG_WARN_UNREACHABLE_CODE = YES;
				CLANG_WARN__DUPLICATE_METHOD_MATCH = YES;
				"CODE_SIGN_IDENTITY[sdk=iphoneos*]" = "iPhone Developer";
				COPY_PHASE_STRIP = NO;
				DEBUG_INFORMATION_FORMAT = dwarf;
				ENABLE_STRICT_OBJC_MSGSEND = YES;
				ENABLE_TESTABILITY = YES;
				GCC_C_LANGUAGE_STANDARD = gnu99;
				GCC_DYNAMIC_NO_PIC = NO;
				GCC_NO_COMMON_BLOCKS = YES;
				GCC_OPTIMIZATION_LEVEL = 0;
				GCC_PREPROCESSOR_DEFINITIONS = (
					"DEBUG=1",
					"$(inherited)",
				);
				GCC_WARN_64_TO_32_BIT_CONVERSION = YES;
				GCC_WARN_ABOUT_RETURN_TYPE = YES_ERROR;
				GCC_WARN_UNDECLARED_SELECTOR = YES;
				GCC_WARN_UNINITIALIZED_AUTOS = YES_AGGRESSIVE;
				GCC_WARN_UNUSED_FUNCTION = YES;
				GCC_WARN_UNUSED_VARIABLE = YES;
				IPHONEOS_DEPLOYMENT_TARGET = 9.2;
				MTL_ENABLE_DEBUG_INFO = YES;
				ONLY_ACTIVE_ARCH = YES;
				SDKROOT = iphoneos;
				SWIFT_OPTIMIZATION_LEVEL = "-Onone";
				TARGETED_DEVICE_FAMILY = "1,2";
			};
			name = Debug;
		};
		B884B9C11C6C1694003FF1BA /* Release */ = {
			isa = XCBuildConfiguration;
			buildSettings = {
				ALWAYS_SEARCH_USER_PATHS = NO;
				CLANG_CXX_LANGUAGE_STANDARD = "gnu++0x";
				CLANG_CXX_LIBRARY = "libc++";
				CLANG_ENABLE_MODULES = YES;
				CLANG_ENABLE_OBJC_ARC = YES;
				CLANG_WARN_BOOL_CONVERSION = YES;
				CLANG_WARN_CONSTANT_CONVERSION = YES;
				CLANG_WARN_DIRECT_OBJC_ISA_USAGE = YES_ERROR;
				CLANG_WARN_EMPTY_BODY = YES;
				CLANG_WARN_ENUM_CONVERSION = YES;
				CLANG_WARN_INT_CONVERSION = YES;
				CLANG_WARN_OBJC_ROOT_CLASS = YES_ERROR;
				CLANG_WARN_UNREACHABLE_CODE = YES;
				CLANG_WARN__DUPLICATE_METHOD_MATCH = YES;
				"CODE_SIGN_IDENTITY[sdk=iphoneos*]" = "iPhone Developer";
				COPY_PHASE_STRIP = NO;
				DEBUG_INFORMATION_FORMAT = "dwarf-with-dsym";
				ENABLE_NS_ASSERTIONS = NO;
				ENABLE_STRICT_OBJC_MSGSEND = YES;
				GCC_C_LANGUAGE_STANDARD = gnu99;
				GCC_NO_COMMON_BLOCKS = YES;
				GCC_WARN_64_TO_32_BIT_CONVERSION = YES;
				GCC_WARN_ABOUT_RETURN_TYPE = YES_ERROR;
				GCC_WARN_UNDECLARED_SELECTOR = YES;
				GCC_WARN_UNINITIALIZED_AUTOS = YES_AGGRESSIVE;
				GCC_WARN_UNUSED_FUNCTION = YES;
				GCC_WARN_UNUSED_VARIABLE = YES;
				IPHONEOS_DEPLOYMENT_TARGET = 9.2;
				MTL_ENABLE_DEBUG_INFO = NO;
				SDKROOT = iphoneos;
				TARGETED_DEVICE_FAMILY = "1,2";
				VALIDATE_PRODUCT = YES;
			};
			name = Release;
		};
		B884B9C31C6C1694003FF1BA /* Debug */ = {
			isa = XCBuildConfiguration;
			buildSettings = {
				ASSETCATALOG_COMPILER_APPICON_NAME = AppIcon;
				INFOPLIST_FILE = Sample1/Info.plist;
				LD_RUNPATH_SEARCH_PATHS = "$(inherited) @executable_path/Frameworks";
				PRODUCT_BUNDLE_IDENTIFIER = Sample1.Sample1;
				PRODUCT_NAME = "$(TARGET_NAME)";
			};
			name = Debug;
		};
		B884B9C41C6C1694003FF1BA /* Release */ = {
			isa = XCBuildConfiguration;
			buildSettings = {
				ASSETCATALOG_COMPILER_APPICON_NAME = AppIcon;
				INFOPLIST_FILE = Sample1/Info.plist;
				LD_RUNPATH_SEARCH_PATHS = "$(inherited) @executable_path/Frameworks";
				PRODUCT_BUNDLE_IDENTIFIER = Sample1.Sample1;
				PRODUCT_NAME = "$(TARGET_NAME)";
			};
			name = Release;
		};
		B884B9C61C6C1694003FF1BA /* Debug */ = {
			isa = XCBuildConfiguration;
			buildSettings = {
				BUNDLE_LOADER = "$(TEST_HOST)";
				INFOPLIST_FILE = Sample1Tests/Info.plist;
				LD_RUNPATH_SEARCH_PATHS = "$(inherited) @executable_path/Frameworks @loader_path/Frameworks";
				PRODUCT_BUNDLE_IDENTIFIER = Sample1.Sample1Tests;
				PRODUCT_NAME = "$(TARGET_NAME)";
				TEST_HOST = "$(BUILT_PRODUCTS_DIR)/Sample1.app/Sample1";
			};
			name = Debug;
		};
		B884B9C71C6C1694003FF1BA /* Release */ = {
			isa = XCBuildConfiguration;
			buildSettings = {
				BUNDLE_LOADER = "$(TEST_HOST)";
				INFOPLIST_FILE = Sample1Tests/Info.plist;
				LD_RUNPATH_SEARCH_PATHS = "$(inherited) @executable_path/Frameworks @loader_path/Frameworks";
				PRODUCT_BUNDLE_IDENTIFIER = Sample1.Sample1Tests;
				PRODUCT_NAME = "$(TARGET_NAME)";
				TEST_HOST = "$(BUILT_PRODUCTS_DIR)/Sample1.app/Sample1";
			};
			name = Release;
		};
		B884B9C91C6C1694003FF1BA /* Debug */ = {
			isa = XCBuildConfiguration;
			buildSettings = {
				INFOPLIST_FILE = Sample1UITests/Info.plist;
				LD_RUNPATH_SEARCH_PATHS = "$(inherited) @executable_path/Frameworks @loader_path/Frameworks";
				PRODUCT_BUNDLE_IDENTIFIER = Sample1.Sample1UITests;
				PRODUCT_NAME = "$(TARGET_NAME)";
				TEST_TARGET_NAME = Sample1;
				USES_XCTRUNNER = YES;
			};
			name = Debug;
		};
		B884B9CA1C6C1694003FF1BA /* Release */ = {
			isa = XCBuildConfiguration;
			buildSettings = {
				INFOPLIST_FILE = Sample1UITests/Info.plist;
				LD_RUNPATH_SEARCH_PATHS = "$(inherited) @executable_path/Frameworks @loader_path/Frameworks";
				PRODUCT_BUNDLE_IDENTIFIER = Sample1.Sample1UITests;
				PRODUCT_NAME = "$(TARGET_NAME)";
				TEST_TARGET_NAME = Sample1;
				USES_XCTRUNNER = YES;
			};
			name = Release;
		};
/* End XCBuildConfiguration section */

/* Begin XCConfigurationList section */
		B884B9951C6C1693003FF1BA /* Build configuration list for PBXProject "Sample1" */ = {
			isa = XCConfigurationList;
			buildConfigurations = (
				B884B9C01C6C1694003FF1BA /* Debug */,
				B884B9C11C6C1694003FF1BA /* Release */,
			);
			defaultConfigurationIsVisible = 0;
			defaultConfigurationName = Release;
		};
		B884B9C21C6C1694003FF1BA /* Build configuration list for PBXNativeTarget "Sample1" */ = {
			isa = XCConfigurationList;
			buildConfigurations = (
				B884B9C31C6C1694003FF1BA /* Debug */,
				B884B9C41C6C1694003FF1BA /* Release */,
			);
			defaultConfigurationIsVisible = 0;
		};
		B884B9C51C6C1694003FF1BA /* Build configuration list for PBXNativeTarget "Sample1Tests" */ = {
			isa = XCConfigurationList;
			buildConfigurations = (
				B884B9C61C6C1694003FF1BA /* Debug */,
				B884B9C71C6C1694003FF1BA /* Release */,
			);
			defaultConfigurationIsVisible = 0;
		};
		B884B9C81C6C1694003FF1BA /* Build configuration list for PBXNativeTarget "Sample1UITests" */ = {
			isa = XCConfigurationList;
			buildConfigurations = (
				B884B9C91C6C1694003FF1BA /* Debug */,
				B884B9CA1C6C1694003FF1BA /* Release */,
			);
			defaultConfigurationIsVisible = 0;
		};
/* End XCConfigurationList section */
	};
	rootObject = B884B9921C6C1693003FF1BA /* Project object */;
}
